{
  "version": 4,
  "terraform_version": "1.4.2",
  "serial": 7,
  "lineage": "00702cca-8c67-f5b2-5548-f482432a9ad2",
  "outputs": {},
  "resources": [
    {
      "mode": "managed",
      "type": "azurerm_resource_group",
      "name": "rg1",
      "provider": "provider[\"registry.terraform.io/hashicorp/azurerm\"]",
      "instances": [
        {
          "schema_version": 0,
          "attributes": {
            "id": "/subscriptions/eb7c60f3-3af7-412e-b990-d3c78d37bbe1/resourceGroups/testrg",
            "location": "eastus2",
            "name": "testrg",
            "tags": {
              "env": "test"
            },
            "timeouts": null
          },
          "sensitive_attributes": [],
          "private": "eyJlMmJmYjczMC1lY2FhLTExZTYtOGY4OC0zNDM2M2JjN2M0YzAiOnsiY3JlYXRlIjo1NDAwMDAwMDAwMDAwLCJkZWxldGUiOjU0MDAwMDAwMDAwMDAsInJlYWQiOjMwMDAwMDAwMDAwMCwidXBkYXRlIjo1NDAwMDAwMDAwMDAwfX0="
        }
      ]
    },
    {
      "mode": "managed",
      "type": "azurerm_storage_account",
      "name": "backedstgbatch33",
      "provider": "provider[\"registry.terraform.io/hashicorp/azurerm\"]",
      "instances": [
        {
          "schema_version": 3,
          "attributes": {
            "access_tier": "Hot",
            "account_kind": "StorageV2",
            "account_replication_type": "LRS",
            "account_tier": "Standard",
            "allow_nested_items_to_be_public": true,
            "allowed_copy_scope": "",
            "azure_files_authentication": [],
            "blob_properties": [
              {
                "change_feed_enabled": false,
                "change_feed_retention_in_days": 0,
                "container_delete_retention_policy": [],
                "cors_rule": [],
                "default_service_version": "",
                "delete_retention_policy": [],
                "last_access_time_enabled": false,
                "restore_policy": [],
                "versioning_enabled": false
              }
            ],
            "cross_tenant_replication_enabled": true,
            "custom_domain": [],
            "customer_managed_key": [],
            "default_to_oauth_authentication": false,
            "edge_zone": "",
            "enable_https_traffic_only": true,
            "id": "/subscriptions/eb7c60f3-3af7-412e-b990-d3c78d37bbe1/resourceGroups/testrg/providers/Microsoft.Storage/storageAccounts/backedstgbatch33",
            "identity": [],
            "immutability_policy": [],
            "infrastructure_encryption_enabled": false,
            "is_hns_enabled": false,
            "large_file_share_enabled": null,
            "location": "eastus2",
            "min_tls_version": "TLS1_2",
            "name": "backedstgbatch33",
            "network_rules": [
              {
                "bypass": [
                  "AzureServices"
                ],
                "default_action": "Allow",
                "ip_rules": [],
                "private_link_access": [],
                "virtual_network_subnet_ids": []
              }
            ],
            "nfsv3_enabled": false,
            "primary_access_key": "E0VqYCTkMitDI6KtnAXbF/E2tl+X2GevG5ngMIeoB8PGMGVxJrYzjZdE6eM7/KJhgu87xlB+fObp+AStgXBg0w==",
            "primary_blob_connection_string": "DefaultEndpointsProtocol=https;BlobEndpoint=https://backedstgbatch33.blob.core.windows.net/;AccountName=backedstgbatch33;AccountKey=E0VqYCTkMitDI6KtnAXbF/E2tl+X2GevG5ngMIeoB8PGMGVxJrYzjZdE6eM7/KJhgu87xlB+fObp+AStgXBg0w==",
            "primary_blob_endpoint": "https://backedstgbatch33.blob.core.windows.net/",
            "primary_blob_host": "backedstgbatch33.blob.core.windows.net",
            "primary_connection_string": "DefaultEndpointsProtocol=https;AccountName=backedstgbatch33;AccountKey=E0VqYCTkMitDI6KtnAXbF/E2tl+X2GevG5ngMIeoB8PGMGVxJrYzjZdE6eM7/KJhgu87xlB+fObp+AStgXBg0w==;EndpointSuffix=core.windows.net",
            "primary_dfs_endpoint": "https://backedstgbatch33.dfs.core.windows.net/",
            "primary_dfs_host": "backedstgbatch33.dfs.core.windows.net",
            "primary_file_endpoint": "https://backedstgbatch33.file.core.windows.net/",
            "primary_file_host": "backedstgbatch33.file.core.windows.net",
            "primary_location": "eastus2",
            "primary_queue_endpoint": "https://backedstgbatch33.queue.core.windows.net/",
            "primary_queue_host": "backedstgbatch33.queue.core.windows.net",
            "primary_table_endpoint": "https://backedstgbatch33.table.core.windows.net/",
            "primary_table_host": "backedstgbatch33.table.core.windows.net",
            "primary_web_endpoint": "https://backedstgbatch33.z20.web.core.windows.net/",
            "primary_web_host": "backedstgbatch33.z20.web.core.windows.net",
            "public_network_access_enabled": true,
            "queue_encryption_key_type": "Service",
            "queue_properties": [
              {
                "cors_rule": [],
                "hour_metrics": [
                  {
                    "enabled": true,
                    "include_apis": true,
                    "retention_policy_days": 7,
                    "version": "1.0"
                  }
                ],
                "logging": [
                  {
                    "delete": false,
                    "read": false,
                    "retention_policy_days": 0,
                    "version": "1.0",
                    "write": false
                  }
                ],
                "minute_metrics": [
                  {
                    "enabled": false,
                    "include_apis": false,
                    "retention_policy_days": 0,
                    "version": "1.0"
                  }
                ]
              }
            ],
            "resource_group_name": "testrg",
            "routing": [],
            "sas_policy": [],
            "secondary_access_key": "Hk25zuaoRHRSO1Uc6jO2z9B7kpOp0ZCX2MjjAnDWPRmzBFKJ+ZgZC9Ox2S6AYc9c8TxhayTswpwp+AStdHNp/A==",
            "secondary_blob_connection_string": "",
            "secondary_blob_endpoint": null,
            "secondary_blob_host": null,
            "secondary_connection_string": "DefaultEndpointsProtocol=https;AccountName=backedstgbatch33;AccountKey=Hk25zuaoRHRSO1Uc6jO2z9B7kpOp0ZCX2MjjAnDWPRmzBFKJ+ZgZC9Ox2S6AYc9c8TxhayTswpwp+AStdHNp/A==;EndpointSuffix=core.windows.net",
            "secondary_dfs_endpoint": null,
            "secondary_dfs_host": null,
            "secondary_file_endpoint": null,
            "secondary_file_host": null,
            "secondary_location": "",
            "secondary_queue_endpoint": null,
            "secondary_queue_host": null,
            "secondary_table_endpoint": null,
            "secondary_table_host": null,
            "secondary_web_endpoint": null,
            "secondary_web_host": null,
            "sftp_enabled": false,
            "share_properties": [
              {
                "cors_rule": [],
                "retention_policy": [
                  {
                    "days": 7
                  }
                ],
                "smb": []
              }
            ],
            "shared_access_key_enabled": true,
            "static_website": [],
            "table_encryption_key_type": "Service",
            "tags": {
              "env": "test"
            },
            "timeouts": null
          },
          "sensitive_attributes": [],
          "private": "eyJlMmJmYjczMC1lY2FhLTExZTYtOGY4OC0zNDM2M2JjN2M0YzAiOnsiY3JlYXRlIjozNjAwMDAwMDAwMDAwLCJkZWxldGUiOjM2MDAwMDAwMDAwMDAsInJlYWQiOjMwMDAwMDAwMDAwMCwidXBkYXRlIjozNjAwMDAwMDAwMDAwfSwic2NoZW1hX3ZlcnNpb24iOiIzIn0=",
          "dependencies": [
            "azurerm_resource_group.rg1"
          ]
        }
      ]
    },
    {
      "mode": "managed",
      "type": "azurerm_storage_container",
      "name": "tftstate",
      "provider": "provider[\"registry.terraform.io/hashicorp/azurerm\"]",
      "instances": [
        {
          "schema_version": 1,
          "attributes": {
            "container_access_type": "private",
            "has_immutability_policy": false,
            "has_legal_hold": false,
            "id": "https://backedstgbatch33.blob.core.windows.net/tfstatecontiner",
            "metadata": {},
            "name": "tfstatecontiner",
            "resource_manager_id": "/subscriptions/eb7c60f3-3af7-412e-b990-d3c78d37bbe1/resourceGroups/testrg/providers/Microsoft.Storage/storageAccounts/backedstgbatch33/blobServices/default/containers/tfstatecontiner",
            "storage_account_name": "backedstgbatch33",
            "timeouts": null
          },
          "sensitive_attributes": [],
          "private": "eyJlMmJmYjczMC1lY2FhLTExZTYtOGY4OC0zNDM2M2JjN2M0YzAiOnsiY3JlYXRlIjoxODAwMDAwMDAwMDAwLCJkZWxldGUiOjE4MDAwMDAwMDAwMDAsInJlYWQiOjMwMDAwMDAwMDAwMCwidXBkYXRlIjoxODAwMDAwMDAwMDAwfSwic2NoZW1hX3ZlcnNpb24iOiIxIn0=",
          "dependencies": [
            "azurerm_resource_group.rg1",
            "azurerm_storage_account.backedstgbatch33"
          ]
        }
      ]
    }
  ],
  "check_results": null
}
